// !$*UTF8*$!
{
	archiveVersion = 1;
	classes = {
	};
	objectVersion = 77;
	objects = {

/* Begin PBXContainerItemProxy section */
		BDF25CBD2E72B54C002B62F3 /* PBXContainerItemProxy */ = {
			isa = PBXContainerItemProxy;
			containerPortal = BDF25C9E2E72B54A002B62F3 /* Project object */;
			proxyType = 1;
			remoteGlobalIDString = BDF25CA52E72B54A002B62F3;
			remoteInfo = "box app";
		};
		BDF25CC72E72B54C002B62F3 /* PBXContainerItemProxy */ = {
			isa = PBXContainerItemProxy;
			containerPortal = BDF25C9E2E72B54A002B62F3 /* Project object */;
			proxyType = 1;
			remoteGlobalIDString = BDF25CA52E72B54A002B62F3;
			remoteInfo = "box app";
		};
/* End PBXContainerItemProxy section */

/* Begin PBXFileReference section */
		BDF25CA62E72B54A002B62F3 /* box app.app */ = {isa = PBXFileReference; explicitFileType = wrapper.application; includeInIndex = 0; path = "box app.app"; sourceTree = BUILT_PRODUCTS_DIR; };
		BDF25CBC2E72B54C002B62F3 /* box appTests.xctest */ = {isa = PBXFileReference; explicitFileType = wrapper.cfbundle; includeInIndex = 0; path = "box appTests.xctest"; sourceTree = BUILT_PRODUCTS_DIR; };
		BDF25CC62E72B54C002B62F3 /* box appUITests.xctest */ = {isa = PBXFileReference; explicitFileType = wrapper.cfbundle; includeInIndex = 0; path = "box appUITests.xctest"; sourceTree = BUILT_PRODUCTS_DIR; };
/* End PBXFileReference section */

/* Begin PBXFileSystemSynchronizedBuildFileExceptionSet section */
		BDF25CCE2E72B54C002B62F3 /* Exceptions for "box app" folder in "box app" target */ = {
			isa = PBXFileSystemSynchronizedBuildFileExceptionSet;
			assetTagsByRelativePath = {
				"/Localized: Main.storyboard" = ("連線", );
			};
			membershipExceptions = (
				Info.plist,
			);
			target = BDF25CA52E72B54A002B62F3 /* box app */;
		};
/* End PBXFileSystemSynchronizedBuildFileExceptionSet section */

/* Begin PBXFileSystemSynchronizedRootGroup section */
		BDF25CA82E72B54A002B62F3 /* box app */ = {
			isa = PBXFileSystemSynchronizedRootGroup;
			exceptions = (
				BDF25CCE2E72B54C002B62F3 /* Exceptions for "box app" folder in "box app" target */,
			);
			path = "box app";
			sourceTree = "<group>";
		};
		BDF25CBF2E72B54C002B62F3 /* box appTests */ = {
			isa = PBXFileSystemSynchronizedRootGroup;
			path = "box appTests";
			sourceTree = "<group>";
		};
		BDF25CC92E72B54C002B62F3 /* box appUITests */ = {
			isa = PBXFileSystemSynchronizedRootGroup;
			path = "box appUITests";
			sourceTree = "<group>";
		};
/* End PBXFileSystemSynchronizedRootGroup section */

/* Begin PBXFrameworksBuildPhase section */
		BDF25CA32E72B54A002B62F3 /* Frameworks */ = {
			isa = PBXFrameworksBuildPhase;
			buildActionMask = 2147483647;
			files = (
			);
			runOnlyForDeploymentPostprocessing = 0;
		};
		BDF25CB92E72B54C002B62F3 /* Frameworks */ = {
			isa = PBXFrameworksBuildPhase;
			buildActionMask = 2147483647;
			files = (
			);
			runOnlyForDeploymentPostprocessing = 0;
		};
		BDF25CC32E72B54C002B62F3 /* Frameworks */ = {
			isa = PBXFrameworksBuildPhase;
			buildActionMask = 2147483647;
			files = (
			);
			runOnlyForDeploymentPostprocessing = 0;
		};
/* End PBXFrameworksBuildPhase section */

/* Begin PBXGroup section */
		BDF25C9D2E72B54A002B62F3 = {
			isa = PBXGroup;
			children = (
				BDF25CA82E72B54A002B62F3 /* box app */,
				BDF25CBF2E72B54C002B62F3 /* box appTests */,
				BDF25CC92E72B54C002B62F3 /* box appUITests */,
				BDF25CA72E72B54A002B62F3 /* Products */,
			);
			sourceTree = "<group>";
		};
		BDF25CA72E72B54A002B62F3 /* Products */ = {
			isa = PBXGroup;
			children = (
				BDF25CA62E72B54A002B62F3 /* box app.app */,
				BDF25CBC2E72B54C002B62F3 /* box appTests.xctest */,
				BDF25CC62E72B54C002B62F3 /* box appUITests.xctest */,
			);
			name = Products;
			sourceTree = "<group>";
		};
/* End PBXGroup section */

/* Begin PBXNativeTarget section */
		BDF25CA52E72B54A002B62F3 /* box app */ = {
			isa = PBXNativeTarget;
			buildConfigurationList = BDF25CCF2E72B54C002B62F3 /* Build configuration list for PBXNativeTarget "box app" */;
			buildPhases = (
				BDF25CA22E72B54A002B62F3 /* Sources */,
				BDF25CA32E72B54A002B62F3 /* Frameworks */,
				BDF25CA42E72B54A002B62F3 /* Resources */,
			);
			buildRules = (
			);
			dependencies = (
			);
			fileSystemSynchronizedGroups = (
				BDF25CA82E72B54A002B62F3 /* box app */,
			);
			name = "box app";
			packageProductDependencies = (
			);
			productName = "box app";
			productReference = BDF25CA62E72B54A002B62F3 /* box app.app */;
			productType = "com.apple.product-type.application";
		};
		BDF25CBB2E72B54C002B62F3 /* box appTests */ = {
			isa = PBXNativeTarget;
			buildConfigurationList = BDF25CD42E72B54C002B62F3 /* Build configuration list for PBXNativeTarget "box appTests" */;
			buildPhases = (
				BDF25CB82E72B54C002B62F3 /* Sources */,
				BDF25CB92E72B54C002B62F3 /* Frameworks */,
				BDF25CBA2E72B54C002B62F3 /* Resources */,
			);
			buildRules = (
			);
			dependencies = (
				BDF25CBE2E72B54C002B62F3 /* PBXTargetDependency */,
			);
			fileSystemSynchronizedGroups = (
				BDF25CBF2E72B54C002B62F3 /* box appTests */,
			);
			name = "box appTests";
			packageProductDependencies = (
			);
			productName = "box appTests";
			productReference = BDF25CBC2E72B54C002B62F3 /* box appTests.xctest */;
			productType = "com.apple.product-type.bundle.unit-test";
		};
		BDF25CC52E72B54C002B62F3 /* box appUITests */ = {
			isa = PBXNativeTarget;
			buildConfigurationList = BDF25CD72E72B54C002B62F3 /* Build configuration list for PBXNativeTarget "box appUITests" */;
			buildPhases = (
				BDF25CC22E72B54C002B62F3 /* Sources */,
				BDF25CC32E72B54C002B62F3 /* Frameworks */,
				BDF25CC42E72B54C002B62F3 /* Resources */,
			);
			buildRules = (
			);
			dependencies = (
				BDF25CC82E72B54C002B62F3 /* PBXTargetDependency */,
			);
			fileSystemSynchronizedGroups = (
				BDF25CC92E72B54C002B62F3 /* box appUITests */,
			);
			name = "box appUITests";
			packageProductDependencies = (
			);
			productName = "box appUITests";
			productReference = BDF25CC62E72B54C002B62F3 /* box appUITests.xctest */;
			productType = "com.apple.product-type.bundle.ui-testing";
		};
/* End PBXNativeTarget section */

/* Begin PBXProject section */
		BDF25C9E2E72B54A002B62F3 /* Project object */ = {
			isa = PBXProject;
			attributes = {
				BuildIndependentTargetsInParallel = 1;
				KnownAssetTags = (
					"連線",
				);
				LastSwiftUpdateCheck = 1640;
				LastUpgradeCheck = 1640;
				TargetAttributes = {
					BDF25CA52E72B54A002B62F3 = {
						CreatedOnToolsVersion = 16.4;
					};
					BDF25CBB2E72B54C002B62F3 = {
						CreatedOnToolsVersion = 16.4;
						TestTargetID = BDF25CA52E72B54A002B62F3;
					};
					BDF25CC52E72B54C002B62F3 = {
						CreatedOnToolsVersion = 16.4;
						TestTargetID = BDF25CA52E72B54A002B62F3;
					};
				};
			};
			buildConfigurationList = BDF25CA12E72B54A002B62F3 /* Build configuration list for PBXProject "box app" */;
			developmentRegion = en;
			hasScannedForEncodings = 0;
			knownRegions = (
				en,
				Base,
			);
			mainGroup = BDF25C9D2E72B54A002B62F3;
			minimizedProjectReferenceProxies = 1;
			preferredProjectObjectVersion = 77;
			productRefGroup = BDF25CA72E72B54A002B62F3 /* Products */;
			projectDirPath = "";
			projectRoot = "";
			targets = (
				BDF25CA52E72B54A002B62F3 /* box app */,
				BDF25CBB2E72B54C002B62F3 /* box appTests */,
				BDF25CC52E72B54C002B62F3 /* box appUITests */,
			);
		};
/* End PBXProject section */

/* Begin PBXResourcesBuildPhase section */
		BDF25CA42E72B54A002B62F3 /* Resources */ = {
			isa = PBXResourcesBuildPhase;
			buildActionMask = 2147483647;
			files = (
			);
			runOnlyForDeploymentPostprocessing = 0;
		};
		BDF25CBA2E72B54C002B62F3 /* Resources */ = {
			isa = PBXResourcesBuildPhase;
			buildActionMask = 2147483647;
			files = (
			);
			runOnlyForDeploymentPostprocessing = 0;
		};
		BDF25CC42E72B54C002B62F3 /* Resources */ = {
			isa = PBXResourcesBuildPhase;
			buildActionMask = 2147483647;
			files = (
			);
			runOnlyForDeploymentPostprocessing = 0;
		};
/* End PBXResourcesBuildPhase section */

/* Begin PBXSourcesBuildPhase section */
		BDF25CA22E72B54A002B62F3 /* Sources */ = {
			isa = PBXSourcesBuildPhase;
			buildActionMask = 2147483647;
			files = (
			);
			runOnlyForDeploymentPostprocessing = 0;
		};
		BDF25CB82E72B54C002B62F3 /* Sources */ = {
			isa = PBXSourcesBuildPhase;
			buildActionMask = 2147483647;
			files = (
			);
			runOnlyForDeploymentPostprocessing = 0;
		};
		BDF25CC22E72B54C002B62F3 /* Sources */ = {
			isa = PBXSourcesBuildPhase;
			buildActionMask = 2147483647;
			files = (
			);
			runOnlyForDeploymentPostprocessing = 0;
		};
/* End PBXSourcesBuildPhase section */

/* Begin PBXTargetDependency section */
		BDF25CBE2E72B54C002B62F3 /* PBXTargetDependency */ = {
			isa = PBXTargetDependency;
			target = BDF25CA52E72B54A002B62F3 /* box app */;
			targetProxy = BDF25CBD2E72B54C002B62F3 /* PBXContainerItemProxy */;
		};
		BDF25CC82E72B54C002B62F3 /* PBXTargetDependency */ = {
			isa = PBXTargetDependency;
			target = BDF25CA52E72B54A002B62F3 /* box app */;
			targetProxy = BDF25CC72E72B54C002B62F3 /* PBXContainerItemProxy */;
		};
/* End PBXTargetDependency section */

/* Begin XCBuildConfiguration section */
		BDF25CD02E72B54C002B62F3 /* Debug */ = {
			isa = XCBuildConfiguration;
			buildSettings = {
				ASSETCATALOG_COMPILER_APPICON_NAME = AppIcon;
				ASSETCATALOG_COMPILER_GLOBAL_ACCENT_COLOR_NAME = AccentColor;
				CODE_SIGN_STYLE = Automatic;
				CURRENT_PROJECT_VERSION = 1;
				DEVELOPMENT_TEAM = YV47HQ7433;
				GENERATE_INFOPLIST_FILE = YES;
				INFOPLIST_FILE = "box app/Info.plist";
				INFOPLIST_KEY_UIApplicationSupportsIndirectInputEvents = YES;
				INFOPLIST_KEY_UILaunchStoryboardName = LaunchScreen;
				INFOPLIST_KEY_UIMainStoryboardFile = Main;
				INFOPLIST_KEY_UISupportedInterfaceOrientations = "UIInterfaceOrientationLandscapeLeft UIInterfaceOrientationLandscapeRight UIInterfaceOrientationPortrait";
				INFOPLIST_KEY_UISupportedInterfaceOrientations_iPad = "UIInterfaceOrientationLandscapeLeft UIInterfaceOrientationLandscapeRight UIInterfaceOrientationPortrait UIInterfaceOrientationPortraitUpsideDown";
				LD_RUNPATH_SEARCH_PATHS = (
					"$(inherited)",
					"@executable_path/Frameworks",
				);
				MARKETING_VERSION = 1.0;
				PRODUCT_BUNDLE_IDENTIFIER = "ho.box-app";
				PRODUCT_NAME = "$(TARGET_NAME)";
				SWIFT_EMIT_LOC_STRINGS = YES;
				SWIFT_VERSION = 5.0;
				TARGETED_DEVICE_FAMILY = "1,2";
			};
			name = Debug;
		};
		BDF25CD12E72B54C002B62F3 /* Release */ = {
			isa = XCBuildConfiguration;
			buildSettings = {
				ASSETCATALOG_COMPILER_APPICON_NAME = AppIcon;
				ASSETCATALOG_COMPILER_GLOBAL_ACCENT_COLOR_NAME = AccentColor;
				CODE_SIGN_STYLE = Automatic;
				CURRENT_PROJECT_VERSION = 1;
				DEVELOPMENT_TEAM = YV47HQ7433;
				GENERATE_INFOPLIST_FILE = YES;
				INFOPLIST_FILE = "box app/Info.plist";
				INFOPLIST_KEY_UIApplicationSupportsIndirectInputEvents = YES;
				INFOPLIST_KEY_UILaunchStoryboardName = LaunchScreen;
				INFOPLIST_KEY_UIMainStoryboardFile = Main;
				INFOPLIST_KEY_UISupportedInterfaceOrientations = "UIInterfaceOrientationLandscapeLeft UIInterfaceOrientationLandscapeRight UIInterfaceOrientationPortrait";
				INFOPLIST_KEY_UISupportedInterfaceOrientations_iPad = "UIInterfaceOrientationLandscapeLeft UIInterfaceOrientationLandscapeRight UIInterfaceOrientationPortrait UIInterfaceOrientationPortraitUpsideDown";
				LD_RUNPATH_SEARCH_PATHS = (
					"$(inherited)",
					"@executable_path/Frameworks",
				);
				MARKETING_VERSION = 1.0;
				PRODUCT_BUNDLE_IDENTIFIER = "ho.box-app";
				PRODUCT_NAME = "$(TARGET_NAME)";
				SWIFT_EMIT_LOC_STRINGS = YES;
				SWIFT_VERSION = 5.0;
				TARGETED_DEVICE_FAMILY = "1,2";
			};
			name = Release;
		};
		BDF25CD22E72B54C002B62F3 /* Debug */ = {
			isa = XCBuildConfiguration;
			buildSettings = {
				ALWAYS_SEARCH_USER_PATHS = NO;
				ASSETCATALOG_COMPILER_GENERATE_SWIFT_ASSET_SYMBOL_EXTENSIONS = YES;
				CLANG_ANALYZER_NONNULL = YES;
				CLANG_ANALYZER_NUMBER_OBJECT_CONVERSION = YES_AGGRESSIVE;
				CLANG_CXX_LANGUAGE_STANDARD = "gnu++20";
				CLANG_ENABLE_MODULES = YES;
				CLANG_ENABLE_OBJC_ARC = YES;
				CLANG_ENABLE_OBJC_WEAK = YES;
				CLANG_WARN_BLOCK_CAPTURE_AUTORELEASING = YES;
				CLANG_WARN_BOOL_CONVERSION = YES;
				CLANG_WARN_COMMA = YES;
				CLANG_WARN_CONSTANT_CONVERSION = YES;
				CLANG_WARN_DEPRECATED_OBJC_IMPLEMENTATIONS = YES;
				CLANG_WARN_DIRECT_OBJC_ISA_USAGE = YES_ERROR;
				CLANG_WARN_DOCUMENTATION_COMMENTS = YES;
				CLANG_WARN_EMPTY_BODY = YES;
				CLANG_WARN_ENUM_CONVERSION = YES;
				CLANG_WARN_INFINITE_RECURSION = YES;
				CLANG_WARN_INT_CONVERSION = YES;
				CLANG_WARN_NON_LITERAL_NULL_CONVERSION = YES;
				CLANG_WARN_OBJC_IMPLICIT_RETAIN_SELF = YES;
				CLANG_WARN_OBJC_LITERAL_CONVERSION = YES;
				CLANG_WARN_OBJC_ROOT_CLASS = YES_ERROR;
				CLANG_WARN_QUOTED_INCLUDE_IN_FRAMEWORK_HEADER = YES;
				CLANG_WARN_RANGE_LOOP_ANALYSIS = YES;
				CLANG_WARN_STRICT_PROTOTYPES = YES;
				CLANG_WARN_SUSPICIOUS_MOVE = YES;
				CLANG_WARN_UNGUARDED_AVAILABILITY = YES_AGGRESSIVE;
				CLANG_WARN_UNREACHABLE_CODE = YES;
				CLANG_WARN__DUPLICATE_METHOD_MATCH = YES;
				COPY_PHASE_STRIP = NO;
				DEBUG_INFORMATION_FORMAT = dwarf;
				ENABLE_STRICT_OBJC_MSGSEND = YES;
				ENABLE_TESTABILITY = YES;
				ENABLE_USER_SCRIPT_SANDBOXING = YES;
				GCC_C_LANGUAGE_STANDARD = gnu17;
				GCC_DYNAMIC_NO_PIC = NO;
				GCC_NO_COMMON_BLOCKS = YES;
				GCC_OPTIMIZATION_LEVEL = 0;
				GCC_PREPROCESSOR_DEFINITIONS = (
					"DEBUG=1",
					"$(inherited)",
				);
				GCC_WARN_64_TO_32_BIT_CONVERSION = YES;
				GCC_WARN_ABOUT_RETURN_TYPE = YES_ERROR;
				GCC_WARN_UNDECLARED_SELECTOR = YES;
				GCC_WARN_UNINITIALIZED_AUTOS = YES_AGGRESSIVE;
				GCC_WARN_UNUSED_FUNCTION = YES;
				GCC_WARN_UNUSED_VARIABLE = YES;
				IPHONEOS_DEPLOYMENT_TARGET = 18.5;
				LOCALIZATION_PREFERS_STRING_CATALOGS = YES;
				MTL_ENABLE_DEBUG_INFO = INCLUDE_SOURCE;
				MTL_FAST_MATH = YES;
				ONLY_ACTIVE_ARCH = YES;
				SDKROOT = iphoneos;
				SWIFT_ACTIVE_COMPILATION_CONDITIONS = "DEBUG $(inherited)";
				SWIFT_OPTIMIZATION_LEVEL = "-Onone";
			};
			name = Debug;
		};
		BDF25CD32E72B54C002B62F3 /* Release */ = {
			isa = XCBuildConfiguration;
			buildSettings = {
				ALWAYS_SEARCH_USER_PATHS = NO;
				ASSETCATALOG_COMPILER_GENERATE_SWIFT_ASSET_SYMBOL_EXTENSIONS = YES;
				CLANG_ANALYZER_NONNULL = YES;
				CLANG_ANALYZER_NUMBER_OBJECT_CONVERSION = YES_AGGRESSIVE;
				CLANG_CXX_LANGUAGE_STANDARD = "gnu++20";
				CLANG_ENABLE_MODULES = YES;
				CLANG_ENABLE_OBJC_ARC = YES;
				CLANG_ENABLE_OBJC_WEAK = YES;
				CLANG_WARN_BLOCK_CAPTURE_AUTORELEASING = YES;
				CLANG_WARN_BOOL_CONVERSION = YES;
				CLANG_WARN_COMMA = YES;
				CLANG_WARN_CONSTANT_CONVERSION = YES;
				CLANG_WARN_DEPRECATED_OBJC_IMPLEMENTATIONS = YES;
				CLANG_WARN_DIRECT_OBJC_ISA_USAGE = YES_ERROR;
				CLANG_WARN_DOCUMENTATION_COMMENTS = YES;
				CLANG_WARN_EMPTY_BODY = YES;
				CLANG_WARN_ENUM_CONVERSION = YES;
				CLANG_WARN_INFINITE_RECURSION = YES;
				CLANG_WARN_INT_CONVERSION = YES;
				CLANG_WARN_NON_LITERAL_NULL_CONVERSION = YES;
				CLANG_WARN_OBJC_IMPLICIT_RETAIN_SELF = YES;
				CLANG_WARN_OBJC_LITERAL_CONVERSION = YES;
				CLANG_WARN_OBJC_ROOT_CLASS = YES_ERROR;
				CLANG_WARN_QUOTED_INCLUDE_IN_FRAMEWORK_HEADER = YES;
				CLANG_WARN_RANGE_LOOP_ANALYSIS = YES;
				CLANG_WARN_STRICT_PROTOTYPES = YES;
				CLANG_WARN_SUSPICIOUS_MOVE = YES;
				CLANG_WARN_UNGUARDED_AVAILABILITY = YES_AGGRESSIVE;
				CLANG_WARN_UNREACHABLE_CODE = YES;
				CLANG_WARN__DUPLICATE_METHOD_MATCH = YES;
				COPY_PHASE_STRIP = NO;
				DEBUG_INFORMATION_FORMAT = "dwarf-with-dsym";
				ENABLE_NS_ASSERTIONS = NO;
				ENABLE_STRICT_OBJC_MSGSEND = YES;
				ENABLE_USER_SCRIPT_SANDBOXING = YES;
				GCC_C_LANGUAGE_STANDARD = gnu17;
				GCC_NO_COMMON_BLOCKS = YES;
				GCC_WARN_64_TO_32_BIT_CONVERSION = YES;
				GCC_WARN_ABOUT_RETURN_TYPE = YES_ERROR;
				GCC_WARN_UNDECLARED_SELECTOR = YES;
				GCC_WARN_UNINITIALIZED_AUTOS = YES_AGGRESSIVE;
				GCC_WARN_UNUSED_FUNCTION = YES;
				GCC_WARN_UNUSED_VARIABLE = YES;
				IPHONEOS_DEPLOYMENT_TARGET = 18.5;
				LOCALIZATION_PREFERS_STRING_CATALOGS = YES;
				MTL_ENABLE_DEBUG_INFO = NO;
				MTL_FAST_MATH = YES;
				SDKROOT = iphoneos;
				SWIFT_COMPILATION_MODE = wholemodule;
				VALIDATE_PRODUCT = YES;
			};
			name = Release;
		};
		BDF25CD52E72B54C002B62F3 /* Debug */ = {
			isa = XCBuildConfiguration;
			buildSettings = {
				BUNDLE_LOADER = "$(TEST_HOST)";
				CODE_SIGN_STYLE = Automatic;
				CURRENT_PROJECT_VERSION = 1;
				GENERATE_INFOPLIST_FILE = YES;
				IPHONEOS_DEPLOYMENT_TARGET = 18.5;
				MARKETING_VERSION = 1.0;
				PRODUCT_BUNDLE_IDENTIFIER = "ho.box-appTests";
				PRODUCT_NAME = "$(TARGET_NAME)";
				SWIFT_EMIT_LOC_STRINGS = NO;
				SWIFT_VERSION = 5.0;
				TARGETED_DEVICE_FAMILY = "1,2";
				TEST_HOST = "$(BUILT_PRODUCTS_DIR)/box app.app/$(BUNDLE_EXECUTABLE_FOLDER_PATH)/box app";
			};
			name = Debug;
		};
		BDF25CD62E72B54C002B62F3 /* Release */ = {
			isa = XCBuildConfiguration;
			buildSettings = {
				BUNDLE_LOADER = "$(TEST_HOST)";
				CODE_SIGN_STYLE = Automatic;
				CURRENT_PROJECT_VERSION = 1;
				GENERATE_INFOPLIST_FILE = YES;
				IPHONEOS_DEPLOYMENT_TARGET = 18.5;
				MARKETING_VERSION = 1.0;
				PRODUCT_BUNDLE_IDENTIFIER = "ho.box-appTests";
				PRODUCT_NAME = "$(TARGET_NAME)";
				SWIFT_EMIT_LOC_STRINGS = NO;
				SWIFT_VERSION = 5.0;
				TARGETED_DEVICE_FAMILY = "1,2";
				TEST_HOST = "$(BUILT_PRODUCTS_DIR)/box app.app/$(BUNDLE_EXECUTABLE_FOLDER_PATH)/box app";
			};
			name = Release;
		};
		BDF25CD82E72B54C002B62F3 /* Debug */ = {
			isa = XCBuildConfiguration;
			buildSettings = {
				CODE_SIGN_STYLE = Automatic;
				CURRENT_PROJECT_VERSION = 1;
				GENERATE_INFOPLIST_FILE = YES;
				MARKETING_VERSION = 1.0;
				PRODUCT_BUNDLE_IDENTIFIER = "ho.box-appUITests";
				PRODUCT_NAME = "$(TARGET_NAME)";
				SWIFT_EMIT_LOC_STRINGS = NO;
				SWIFT_VERSION = 5.0;
				TARGETED_DEVICE_FAMILY = "1,2";
				TEST_TARGET_NAME = "box app";
			};
			name = Debug;
		};
		BDF25CD92E72B54C002B62F3 /* Release */ = {
			isa = XCBuildConfiguration;
			buildSettings = {
				CODE_SIGN_STYLE = Automatic;
				CURRENT_PROJECT_VERSION = 1;
				GENERATE_INFOPLIST_FILE = YES;
				MARKETING_VERSION = 1.0;
				PRODUCT_BUNDLE_IDENTIFIER = "ho.box-appUITests";
				PRODUCT_NAME = "$(TARGET_NAME)";
				SWIFT_EMIT_LOC_STRINGS = NO;
				SWIFT_VERSION = 5.0;
				TARGETED_DEVICE_FAMILY = "1,2";
				TEST_TARGET_NAME = "box app";
			};
			name = Release;
		};
/* End XCBuildConfiguration section */

/* Begin XCConfigurationList section */
		BDF25CA12E72B54A002B62F3 /* Build configuration list for PBXProject "box app" */ = {
			isa = XCConfigurationList;
			buildConfigurations = (
				BDF25CD22E72B54C002B62F3 /* Debug */,
				BDF25CD32E72B54C002B62F3 /* Release */,
			);
			defaultConfigurationIsVisible = 0;
			defaultConfigurationName = Release;
		};
		BDF25CCF2E72B54C002B62F3 /* Build configuration list for PBXNativeTarget "box app" */ = {
			isa = XCConfigurationList;
			buildConfigurations = (
				BDF25CD02E72B54C002B62F3 /* Debug */,
				BDF25CD12E72B54C002B62F3 /* Release */,
			);
			defaultConfigurationIsVisible = 0;
			defaultConfigurationName = Release;
		};
		BDF25CD42E72B54C002B62F3 /* Build configuration list for PBXNativeTarget "box appTests" */ = {
			isa = XCConfigurationList;
			buildConfigurations = (
				BDF25CD52E72B54C002B62F3 /* Debug */,
				BDF25CD62E72B54C002B62F3 /* Release */,
			);
			defaultConfigurationIsVisible = 0;
			defaultConfigurationName = Release;
		};
		BDF25CD72E72B54C002B62F3 /* Build configuration list for PBXNativeTarget "box appUITests" */ = {
			isa = XCConfigurationList;
			buildConfigurations = (
				BDF25CD82E72B54C002B62F3 /* Debug */,
				BDF25CD92E72B54C002B62F3 /* Release */,
			);
			defaultConfigurationIsVisible = 0;
			defaultConfigurationName = Release;
		};
/* End XCConfigurationList section */
	};
	rootObject = BDF25C9E2E72B54A002B62F3 /* Project object */;
}
